lockfileVersion: 5.4

importers:
  .:
    specifiers:
      "@actions/core": ^1.10.0
      "@types/node": ^18.14.4
      dotenv: ^16.0.3
      front-matter: ^4.0.2
      nanoid: ^4.0.1
      prettier: ^2.8.3
      shx: ^0.3.4
      ts-node: ^10.9.1
      typescript: ^4.9.4
    dependencies:
      "@actions/core": 1.10.0
      dotenv: 16.0.3
      front-matter: 4.0.2
      nanoid: 4.0.1
    devDependencies:
      "@types/node": 18.14.4
      prettier: 2.8.3
      shx: 0.3.4
      ts-node: 10.9.1_462mux2rw2dmpi4q7whwmq2slq
      typescript: 4.9.4

  dist:
    specifiers:
      "@types/node": ^18.14.4
      auri: workspace:*
      dotenv: ^16.0.3
      front-matter: ^4.0.2
      nanoid: ^4.0.1
      prettier: ^2.8.3
      shx: ^0.3.4
      ts-node: ^10.9.1
      typescript: ^4.9.4
    dependencies:
      dotenv: 16.0.3
      front-matter: 4.0.2
      nanoid: 4.0.1
    devDependencies:
      "@types/node": 18.14.4
      auri: "link:"
      prettier: 2.8.3
      shx: 0.3.4
      ts-node: 10.9.1_462mux2rw2dmpi4q7whwmq2slq
      typescript: 4.9.4

packages:
  /@actions/core/1.10.0:
    resolution:
      {
        integrity: sha512-2aZDDa3zrrZbP5ZYg159sNoLRb61nQ7awl5pSvIq5Qpj81vwDzdMRKzkWJGJuwVvWpvZKx7vspJALyvaaIQyug==
      }
    dependencies:
      "@actions/http-client": 2.0.1
      uuid: 8.3.2
    dev: false

  /@actions/http-client/2.0.1:
    resolution:
      {
        integrity: sha512-PIXiMVtz6VvyaRsGY268qvj57hXQEpsYogYOu2nrQhlf+XCGmZstmuZBbAybUl1nQGnvS1k1eEsQ69ZoD7xlSw==
      }
    dependencies:
      tunnel: 0.0.6
    dev: false

  /@cspotcode/source-map-support/0.8.1:
    resolution:
      {
        integrity: sha512-IchNf6dN4tHoMFIn/7OE8LWZ19Y6q/67Bmf6vnGREv8RSbBVb9LPJxEcnwrcwX6ixSvaiGoomAUvu4YSxXrVgw==
      }
    engines: { node: ">=12" }
    dependencies:
      "@jridgewell/trace-mapping": 0.3.9
    dev: true

  /@jridgewell/resolve-uri/3.1.0:
    resolution:
      {
        integrity: sha512-F2msla3tad+Mfht5cJq7LSXcdudKTWCVYUgw6pLFOOHSTtZlj6SWNYAp+AhuqLmWdBO2X5hPrLcu8cVP8fy28w==
      }
    engines: { node: ">=6.0.0" }
    dev: true

  /@jridgewell/sourcemap-codec/1.4.14:
    resolution:
      {
        integrity: sha512-XPSJHWmi394fuUuzDnGz1wiKqWfo1yXecHQMRf2l6hztTO+nPru658AyDngaBe7isIxEkRsPR3FZh+s7iVa4Uw==
      }
    dev: true

  /@jridgewell/trace-mapping/0.3.9:
    resolution:
      {
        integrity: sha512-3Belt6tdc8bPgAtbcmdtNJlirVoTmEb5e2gC94PnkwEW9jI6CAHUeoG85tjWP5WquqfavoMtMwiG4P926ZKKuQ==
      }
    dependencies:
      "@jridgewell/resolve-uri": 3.1.0
      "@jridgewell/sourcemap-codec": 1.4.14
    dev: true

  /@tsconfig/node10/1.0.9:
    resolution:
      {
        integrity: sha512-jNsYVVxU8v5g43Erja32laIDHXeoNvFEpX33OK4d6hljo3jDhCBDhx5dhCCTMWUojscpAagGiRkBKxpdl9fxqA==
      }
    dev: true

  /@tsconfig/node12/1.0.11:
    resolution:
      {
        integrity: sha512-cqefuRsh12pWyGsIoBKJA9luFu3mRxCA+ORZvA4ktLSzIuCUtWVxGIuXigEwO5/ywWFMZ2QEGKWvkZG1zDMTag==
      }
    dev: true

  /@tsconfig/node14/1.0.3:
    resolution:
      {
        integrity: sha512-ysT8mhdixWK6Hw3i1V2AeRqZ5WfXg1G43mqoYlM2nc6388Fq5jcXyr5mRsqViLx/GJYdoL0bfXD8nmF+Zn/Iow==
      }
    dev: true

  /@tsconfig/node16/1.0.3:
    resolution:
      {
        integrity: sha512-yOlFc+7UtL/89t2ZhjPvvB/DeAr3r+Dq58IgzsFkOAvVC6NMJXmCGjbptdXdR9qsX7pKcTL+s87FtYREi2dEEQ==
      }
    dev: true

  /@types/node/18.14.4:
    resolution:
      {
        integrity: sha512-VhCw7I7qO2X49+jaKcAUwi3rR+hbxT5VcYF493+Z5kMLI0DL568b7JI4IDJaxWFH0D/xwmGJNoXisyX+w7GH/g==
      }
    dev: true

  /acorn-walk/8.2.0:
    resolution:
      {
        integrity: sha512-k+iyHEuPgSw6SbuDpGQM+06HQUa04DZ3o+F6CSzXMvvI5KMvnaEqXe+YVe555R9nn6GPt404fos4wcgpw12SDA==
      }
    engines: { node: ">=0.4.0" }
    dev: true

  /acorn/8.8.1:
    resolution:
      {
        integrity: sha512-7zFpHzhnqYKrkYdUjF1HI1bzd0VygEGX8lFk4k5zVMqHEoES+P+7TKI+EvLO9WVMJ8eekdO0aDEK044xTXwPPA==
      }
    engines: { node: ">=0.4.0" }
    hasBin: true
    dev: true

  /arg/4.1.3:
    resolution:
      {
        integrity: sha512-58S9QDqG0Xx27YwPSt9fJxivjYl432YCwfDMfZ+71RAqUrZef7LrKQZ3LHLOwCS4FLNBplP533Zx895SeOCHvA==
      }
    dev: true

  /argparse/1.0.10:
    resolution:
      {
        integrity: sha512-o5Roy6tNG4SL/FOkCAN6RzjiakZS25RLYFrcMttJqbdd8BWrnA+fGz57iN5Pb06pvBGvl5gQ0B48dJlslXvoTg==
      }
    dependencies:
      sprintf-js: 1.0.3
    dev: false

  /balanced-match/1.0.2:
    resolution:
      {
        integrity: sha512-3oSeUO0TMV67hN1AmbXsK4yaqU7tjiHlbxRDZOpH0KW9+CeX4bRAaX0Anxt0tx2MrpRpWwQaPwIlISEJhYU5Pw==
      }
    dev: true

  /brace-expansion/1.1.11:
    resolution:
      {
        integrity: sha512-iCuPHDFgrHX7H2vEI/5xpz07zSHB00TpugqhmYtVmMO6518mCuRMoOYFldEBl0g187ufozdaHgWKcYFb61qGiA==
      }
    dependencies:
      balanced-match: 1.0.2
      concat-map: 0.0.1
    dev: true

  /concat-map/0.0.1:
    resolution:
      {
        integrity: sha512-/Srv4dswyQNBfohGpz9o6Yb3Gz3SrUDqBH5rTuhGR7ahtlbYKnVxw2bCFMRljaA7EXHaXZ8wsHdodFvbkhKmqg==
      }
    dev: true

  /create-require/1.1.1:
    resolution:
      {
        integrity: sha512-dcKFX3jn0MpIaXjisoRvexIJVEKzaq7z2rZKxf+MSr9TkdmHmsU4m2lcLojrj/FHl8mk5VxMmYA+ftRkP/3oKQ==
      }
    dev: true

  /diff/4.0.2:
    resolution:
      {
        integrity: sha512-58lmxKSA4BNyLz+HHMUzlOEpg09FV+ev6ZMe3vJihgdxzgcwZ8VoEEPmALCZG9LmqfVoNMMKpttIYTVG6uDY7A==
      }
    engines: { node: ">=0.3.1" }
    dev: true

  /dotenv/16.0.3:
    resolution:
      {
        integrity: sha512-7GO6HghkA5fYG9TYnNxi14/7K9f5occMlp3zXAuSxn7CKCxt9xbNWG7yF8hTCSUchlfWSe3uLmlPfigevRItzQ==
      }
    engines: { node: ">=12" }
    dev: false

  /esprima/4.0.1:
    resolution:
      {
        integrity: sha512-eGuFFw7Upda+g4p+QHvnW0RyTX/SVeJBDM/gCtMARO0cLuT2HcEKnTPvhjV6aGeqrCB/sbNop0Kszm0jsaWU4A==
      }
    engines: { node: ">=4" }
    hasBin: true
    dev: false

  /front-matter/4.0.2:
    resolution:
      {
        integrity: sha512-I8ZuJ/qG92NWX8i5x1Y8qyj3vizhXS31OxjKDu3LKP+7/qBgfIKValiZIEwoVoJKUHlhWtYrktkxV1XsX+pPlg==
      }
    dependencies:
      js-yaml: 3.14.1
    dev: false

  /fs.realpath/1.0.0:
    resolution:
      {
        integrity: sha512-OO0pH2lK6a0hZnAdau5ItzHPI6pUlvI7jMVnxUQRtw4owF2wk8lOSabtGDCTP4Ggrg2MbGnWO9X8K1t4+fGMDw==
      }
    dev: true

  /function-bind/1.1.1:
    resolution:
      {
        integrity: sha512-yIovAzMX49sF8Yl58fSCWJ5svSLuaibPxXQJFLmBObTuCr0Mf1KiPopGM9NiFjiYBCbfaa2Fh6breQ6ANVTI0A==
      }
    dev: true

  /glob/7.2.3:
    resolution:
      {
        integrity: sha512-nFR0zLpU2YCaRxwoCJvL6UvCH2JFyFVIvwTLsIf21AuHlMskA1hhTdk+LlYJtOlYt9v6dvszD2BGRqBL+iQK9Q==
      }
    dependencies:
      fs.realpath: 1.0.0
      inflight: 1.0.6
      inherits: 2.0.4
      minimatch: 3.1.2
      once: 1.4.0
      path-is-absolute: 1.0.1
    dev: true

  /has/1.0.3:
    resolution:
      {
        integrity: sha512-f2dvO0VU6Oej7RkWJGrehjbzMAjFp5/VKPp5tTpWIV4JHHZK1/BxbFRtf/siA2SWTe09caDmVtYYzWEIbBS4zw==
      }
    engines: { node: ">= 0.4.0" }
    dependencies:
      function-bind: 1.1.1
    dev: true

  /inflight/1.0.6:
    resolution:
      {
        integrity: sha512-k92I/b08q4wvFscXCLvqfsHCrjrF7yiXsQuIVvVE7N82W3+aqpzuUdBbfhWcy/FZR3/4IgflMgKLOsvPDrGCJA==
      }
    dependencies:
      once: 1.4.0
      wrappy: 1.0.2
    dev: true

  /inherits/2.0.4:
    resolution:
      {
        integrity: sha512-k/vGaX4/Yla3WzyMCvTQOXYeIHvqOKtnqBduzTHpzpQZzAskKMhZ2K+EnBiSM9zGSoIFeMpXKxa4dYeZIQqewQ==
      }
    dev: true

  /interpret/1.4.0:
    resolution:
      {
        integrity: sha512-agE4QfB2Lkp9uICn7BAqoscw4SZP9kTE2hxiFI3jBPmXJfdqiahTbUuKGsMoN2GtqL9AxhYioAcVvgsb1HvRbA==
      }
    engines: { node: ">= 0.10" }
    dev: true

  /is-core-module/2.11.0:
    resolution:
      {
        integrity: sha512-RRjxlvLDkD1YJwDbroBHMb+cukurkDWNyHx7D3oNB5x9rb5ogcksMC5wHCadcXoo67gVr/+3GFySh3134zi6rw==
      }
    dependencies:
      has: 1.0.3
    dev: true

  /js-yaml/3.14.1:
    resolution:
      {
        integrity: sha512-okMH7OXXJ7YrN9Ok3/SXrnu4iX9yOk+25nqX4imS2npuvTYDmo/QEZoqwZkYaIDk3jVvBOTOIEgEhaLOynBS9g==
      }
    hasBin: true
    dependencies:
      argparse: 1.0.10
      esprima: 4.0.1
    dev: false

  /make-error/1.3.6:
    resolution:
      {
        integrity: sha512-s8UhlNe7vPKomQhC1qFelMokr/Sc3AgNbso3n74mVPA5LTZwkB9NlXf4XPamLxJE8h0gh73rM94xvwRT2CVInw==
      }
    dev: true

  /minimatch/3.1.2:
    resolution:
      {
        integrity: sha512-J7p63hRiAjw1NDEww1W7i37+ByIrOWO5XQQAzZ3VOcL0PNybwpfmV/N05zFAzwQ9USyEcX6t3UO+K5aqBQOIHw==
      }
    dependencies:
      brace-expansion: 1.1.11
    dev: true

  /minimist/1.2.7:
    resolution:
      {
        integrity: sha512-bzfL1YUZsP41gmu/qjrEk0Q6i2ix/cVeAhbCbqH9u3zYutS1cLg00qhrD0M2MVdCcx4Sc0UpP2eBWo9rotpq6g==
      }
    dev: true

  /nanoid/4.0.1:
    resolution:
      {
        integrity: sha512-udKGtCCUafD3nQtJg9wBhRP3KMbPglUsgV5JVsXhvyBs/oefqb4sqMEhKBBgqZncYowu58p1prsZQBYvAj/Gww==
      }
    engines: { node: ^14 || ^16 || >=18 }
    hasBin: true
    dev: false

  /once/1.4.0:
    resolution:
      {
        integrity: sha512-lNaJgI+2Q5URQBkccEKHTQOPaXdUxnZZElQTZY0MFUAuaEqe1E+Nyvgdz/aIyNi6Z9MzO5dv1H8n58/GELp3+w==
      }
    dependencies:
      wrappy: 1.0.2
    dev: true

  /path-is-absolute/1.0.1:
    resolution:
      {
        integrity: sha512-AVbw3UJ2e9bq64vSaS9Am0fje1Pa8pbGqTTsmXfaIiMpnr5DlDhfJOuLj9Sf95ZPVDAUerDfEk88MPmPe7UCQg==
      }
    engines: { node: ">=0.10.0" }
    dev: true

  /path-parse/1.0.7:
    resolution:
      {
        integrity: sha512-LDJzPVEEEPR+y48z93A0Ed0yXb8pAByGWo/k5YYdYgpY2/2EsOsksJrq7lOHxryrVOn1ejG6oAp8ahvOIQD8sw==
      }
    dev: true

  /prettier/2.8.3:
    resolution:
      {
        integrity: sha512-tJ/oJ4amDihPoufT5sM0Z1SKEuKay8LfVAMlbbhnnkvt6BUserZylqo2PN+p9KeljLr0OHa2rXHU1T8reeoTrw==
      }
    engines: { node: ">=10.13.0" }
    hasBin: true
    dev: true

  /rechoir/0.6.2:
    resolution:
      {
        integrity: sha512-HFM8rkZ+i3zrV+4LQjwQ0W+ez98pApMGM3HUrN04j3CqzPOzl9nmP15Y8YXNm8QHGv/eacOVEjqhmWpkRV0NAw==
      }
    engines: { node: ">= 0.10" }
    dependencies:
      resolve: 1.22.1
    dev: true

  /resolve/1.22.1:
    resolution:
      {
        integrity: sha512-nBpuuYuY5jFsli/JIs1oldw6fOQCBioohqWZg/2hiaOybXOft4lonv85uDOKXdf8rhyK159cxU5cDcK/NKk8zw==
      }
    hasBin: true
    dependencies:
      is-core-module: 2.11.0
      path-parse: 1.0.7
      supports-preserve-symlinks-flag: 1.0.0
    dev: true

  /shelljs/0.8.5:
    resolution:
      {
        integrity: sha512-TiwcRcrkhHvbrZbnRcFYMLl30Dfov3HKqzp5tO5b4pt6G/SezKcYhmDg15zXVBswHmctSAQKznqNW2LO5tTDow==
      }
    engines: { node: ">=4" }
    hasBin: true
    dependencies:
      glob: 7.2.3
      interpret: 1.4.0
      rechoir: 0.6.2
    dev: true

  /shx/0.3.4:
    resolution:
      {
        integrity: sha512-N6A9MLVqjxZYcVn8hLmtneQWIJtp8IKzMP4eMnx+nqkvXoqinUPCbUFLp2UcWTEIUONhlk0ewxr/jaVGlc+J+g==
      }
    engines: { node: ">=6" }
    hasBin: true
    dependencies:
      minimist: 1.2.7
      shelljs: 0.8.5
    dev: true

  /sprintf-js/1.0.3:
    resolution:
      {
        integrity: sha512-D9cPgkvLlV3t3IzL0D0YLvGA9Ahk4PcvVwUbN0dSGr1aP0Nrt4AEnTUbuGvquEC0mA64Gqt1fzirlRs5ibXx8g==
      }
    dev: false

  /supports-preserve-symlinks-flag/1.0.0:
    resolution:
      {
        integrity: sha512-ot0WnXS9fgdkgIcePe6RHNk1WA8+muPa6cSjeR3V8K27q9BB1rTE3R1p7Hv0z1ZyAc8s6Vvv8DIyWf681MAt0w==
      }
    engines: { node: ">= 0.4" }
    dev: true

  /ts-node/10.9.1_462mux2rw2dmpi4q7whwmq2slq:
    resolution:
      {
        integrity: sha512-NtVysVPkxxrwFGUUxGYhfux8k78pQB3JqYBXlLRZgdGUqTO5wU/UyHop5p70iEbGhB7q5KmiZiU0Y3KlJrScEw==
      }
    hasBin: true
    peerDependencies:
      "@swc/core": ">=1.2.50"
      "@swc/wasm": ">=1.2.50"
      "@types/node": "*"
      typescript: ">=2.7"
    peerDependenciesMeta:
      "@swc/core":
        optional: true
      "@swc/wasm":
        optional: true
    dependencies:
      "@cspotcode/source-map-support": 0.8.1
      "@tsconfig/node10": 1.0.9
      "@tsconfig/node12": 1.0.11
      "@tsconfig/node14": 1.0.3
      "@tsconfig/node16": 1.0.3
      "@types/node": 18.14.4
      acorn: 8.8.1
      acorn-walk: 8.2.0
      arg: 4.1.3
      create-require: 1.1.1
      diff: 4.0.2
      make-error: 1.3.6
      typescript: 4.9.4
      v8-compile-cache-lib: 3.0.1
      yn: 3.1.1
    dev: true

  /tunnel/0.0.6:
    resolution:
      {
        integrity: sha512-1h/Lnq9yajKY2PEbBadPXj3VxsDDu844OnaAo52UVmIzIvwwtBPIuNvkjuzBlTWpfJyUbG3ez0KSBibQkj4ojg==
      }
    engines: { node: ">=0.6.11 <=0.7.0 || >=0.7.3" }
    dev: false

  /typescript/4.9.4:
    resolution:
      {
        integrity: sha512-Uz+dTXYzxXXbsFpM86Wh3dKCxrQqUcVMxwU54orwlJjOpO3ao8L7j5lH+dWfTwgCwIuM9GQ2kvVotzYJMXTBZg==
      }
    engines: { node: ">=4.2.0" }
    hasBin: true
    dev: true

  /uuid/8.3.2:
    resolution:
      {
        integrity: sha512-+NYs2QeMWy+GWFOEm9xnn6HCDp0l7QBD7ml8zLUmJ+93Q5NF0NocErnwkTkXVFNiX3/fpC6afS8Dhb/gz7R7eg==
      }
    hasBin: true
    dev: false

  /v8-compile-cache-lib/3.0.1:
    resolution:
      {
        integrity: sha512-wa7YjyUGfNZngI/vtK0UHAN+lgDCxBPCylVXGp0zu59Fz5aiGtNXaq3DhIov063MorB+VfufLh3JlF2KdTK3xg==
      }
    dev: true

  /wrappy/1.0.2:
    resolution:
      {
        integrity: sha512-l4Sp/DRseor9wL6EvV2+TuQn63dMkPjZ/sp9XkghTEbV9KlPS1xUsZ3u7/IQO4wxtcFB4bgpQPRcR3QCvezPcQ==
      }
    dev: true

  /yn/3.1.1:
    resolution:
      {
        integrity: sha512-Ux4ygGWsu2c7isFWe8Yu1YluJmqVhxqK2cLXNQA5AcC3QfbGNpM7fu0Y8b/z16pXLnFxZYvWhd3fhBY9DLmC6Q==
      }
    engines: { node: ">=6" }
    dev: true
